
Microsoft Visual Studio Solution File, Format Version 12.00
# Visual Studio 14
VisualStudioVersion = 14.0.25123.0
MinimumVisualStudioVersion = 10.0.40219.1
Project("{FAE04EC0-301F-11D3-BF4B-00C04F79EFBC}") = "BaseSource.Common", "BaseSource.Common\BaseSource.Common.csproj", "{C4F8DCFE-3FB3-42C9-8260-6AC4403DEBF9}"
EndProject
Project("{FAE04EC0-301F-11D3-BF4B-00C04F79EFBC}") = "BaseSource.Model", "BaseSource.Model\BaseSource.Model.csproj", "{70546904-D76D-4398-AD75-6F2BD01CC34E}"
EndProject
Project("{FAE04EC0-301F-11D3-BF4B-00C04F79EFBC}") = "BaseSource.Service", "BaseSource.Service\BaseSource.Service.csproj", "{651F3FBC-CE0C-473F-8DB1-21C8ED90FB50}"
EndProject
Project("{FAE04EC0-301F-11D3-BF4B-00C04F79EFBC}") = "BaseSource.UnitTest", "BaseSource.UnitTest\BaseSource.UnitTest.csproj", "{25F46EBE-6545-4357-9E45-678CBE2E5216}"
EndProject
Project("{FAE04EC0-301F-11D3-BF4B-00C04F79EFBC}") = "BaseSource.Identity", "BaseSource.Identity\BaseSource.Identity.csproj", "{A4590635-516A-4D1A-A46E-A06FD72670D6}"
EndProject
Project("{FAE04EC0-301F-11D3-BF4B-00C04F79EFBC}") = "BaseSource.Repository", "BaseSource.Repository\BaseSource.Repository.csproj", "{6E6ACC6A-9190-464A-B39C-56F6AB325977}"
EndProject
Project("{FAE04EC0-301F-11D3-BF4B-00C04F79EFBC}") = "BaseSource.Api", "BaseSource.Api\BaseSource.Api.csproj", "{E720CBB0-AE14-429A-9CC4-5E3A8025EFE3}"
EndProject
Project("{FAE04EC0-301F-11D3-BF4B-00C04F79EFBC}") = "BaseSource.Web", "BaseSource.Web\BaseSource.Web.csproj", "{E27A2AD4-EE0C-4A38-9ACB-F4971219CF71}"
EndProject
Global
	GlobalSection(SolutionConfigurationPlatforms) = preSolution
		Debug|Any CPU = Debug|Any CPU
		Release|Any CPU = Release|Any CPU
	EndGlobalSection
	GlobalSection(ProjectConfigurationPlatforms) = postSolution
		{C4F8DCFE-3FB3-42C9-8260-6AC4403DEBF9}.Debug|Any CPU.ActiveCfg = Debug|Any CPU
		{C4F8DCFE-3FB3-42C9-8260-6AC4403DEBF9}.Debug|Any CPU.Build.0 = Debug|Any CPU
		{C4F8DCFE-3FB3-42C9-8260-6AC4403DEBF9}.Release|Any CPU.ActiveCfg = Release|Any CPU
		{C4F8DCFE-3FB3-42C9-8260-6AC4403DEBF9}.Release|Any CPU.Build.0 = Release|Any CPU
		{70546904-D76D-4398-AD75-6F2BD01CC34E}.Debug|Any CPU.ActiveCfg = Debug|Any CPU
		{70546904-D76D-4398-AD75-6F2BD01CC34E}.Debug|Any CPU.Build.0 = Debug|Any CPU
		{70546904-D76D-4398-AD75-6F2BD01CC34E}.Release|Any CPU.ActiveCfg = Release|Any CPU
		{70546904-D76D-4398-AD75-6F2BD01CC34E}.Release|Any CPU.Build.0 = Release|Any CPU
		{651F3FBC-CE0C-473F-8DB1-21C8ED90FB50}.Debug|Any CPU.ActiveCfg = Debug|Any CPU
		{651F3FBC-CE0C-473F-8DB1-21C8ED90FB50}.Debug|Any CPU.Build.0 = Debug|Any CPU
		{651F3FBC-CE0C-473F-8DB1-21C8ED90FB50}.Release|Any CPU.ActiveCfg = Release|Any CPU
		{651F3FBC-CE0C-473F-8DB1-21C8ED90FB50}.Release|Any CPU.Build.0 = Release|Any CPU
		{25F46EBE-6545-4357-9E45-678CBE2E5216}.Debug|Any CPU.ActiveCfg = Debug|Any CPU
		{25F46EBE-6545-4357-9E45-678CBE2E5216}.Debug|Any CPU.Build.0 = Debug|Any CPU
		{25F46EBE-6545-4357-9E45-678CBE2E5216}.Release|Any CPU.ActiveCfg = Release|Any CPU
		{25F46EBE-6545-4357-9E45-678CBE2E5216}.Release|Any CPU.Build.0 = Release|Any CPU
		{A4590635-516A-4D1A-A46E-A06FD72670D6}.Debug|Any CPU.ActiveCfg = Debug|Any CPU
		{A4590635-516A-4D1A-A46E-A06FD72670D6}.Debug|Any CPU.Build.0 = Debug|Any CPU
		{A4590635-516A-4D1A-A46E-A06FD72670D6}.Release|Any CPU.ActiveCfg = Release|Any CPU
		{A4590635-516A-4D1A-A46E-A06FD72670D6}.Release|Any CPU.Build.0 = Release|Any CPU
		{6E6ACC6A-9190-464A-B39C-56F6AB325977}.Debug|Any CPU.ActiveCfg = Debug|Any CPU
		{6E6ACC6A-9190-464A-B39C-56F6AB325977}.Debug|Any CPU.Build.0 = Debug|Any CPU
		{6E6ACC6A-9190-464A-B39C-56F6AB325977}.Release|Any CPU.ActiveCfg = Release|Any CPU
		{6E6ACC6A-9190-464A-B39C-56F6AB325977}.Release|Any CPU.Build.0 = Release|Any CPU
		{E720CBB0-AE14-429A-9CC4-5E3A8025EFE3}.Debug|Any CPU.ActiveCfg = Debug|Any CPU
		{E720CBB0-AE14-429A-9CC4-5E3A8025EFE3}.Debug|Any CPU.Build.0 = Debug|Any CPU
		{E720CBB0-AE14-429A-9CC4-5E3A8025EFE3}.Release|Any CPU.ActiveCfg = Release|Any CPU
		{E720CBB0-AE14-429A-9CC4-5E3A8025EFE3}.Release|Any CPU.Build.0 = Release|Any CPU
		{E27A2AD4-EE0C-4A38-9ACB-F4971219CF71}.Debug|Any CPU.ActiveCfg = Debug|Any CPU
		{E27A2AD4-EE0C-4A38-9ACB-F4971219CF71}.Debug|Any CPU.Build.0 = Debug|Any CPU
		{E27A2AD4-EE0C-4A38-9ACB-F4971219CF71}.Release|Any CPU.ActiveCfg = Release|Any CPU
		{E27A2AD4-EE0C-4A38-9ACB-F4971219CF71}.Release|Any CPU.Build.0 = Release|Any CPU
	EndGlobalSection
	GlobalSection(SolutionProperties) = preSolution
		HideSolutionNode = FALSE
	EndGlobalSection
EndGlobal
